
Microsoft Visual Studio Solution File, Format Version 12.00
Project("{2150E333-8FDC-42A3-9474-1A3956D46DE8}") = "Core", "Core", "{E36060F1-DA49-4B0E-888C-3F173E5846A4}"
EndProject
Project("{2150E333-8FDC-42A3-9474-1A3956D46DE8}") = "Infrastructure", "Infrastructure", "{A6EB992A-37BA-434B-A210-38AE6D2A617A}"
EndProject
Project("{2150E333-8FDC-42A3-9474-1A3956D46DE8}") = "Presentation", "Presentation", "{C93CA99D-1CD8-4AFE-AC22-3F8754230C70}"
EndProject
Project("{FAE04EC0-301F-11D3-BF4B-00C04F79EFBC}") = "Application", "Application\Application.csproj", "{209E35D0-4BD5-4B76-89CD-46DF5B65D7BB}"
EndProject
Project("{FAE04EC0-301F-11D3-BF4B-00C04F79EFBC}") = "Domain", "Domain\Domain.csproj", "{58F8A4B8-F7E6-47D8-A61E-8F07C77CEC33}"
EndProject
Project("{FAE04EC0-301F-11D3-BF4B-00C04F79EFBC}") = "Persistence", "Persistence\Persistence.csproj", "{12E2BA97-A54A-4B4E-93F3-DBB6245B5162}"
EndProject
Project("{FAE04EC0-301F-11D3-BF4B-00C04F79EFBC}") = "WebAPI", "WebAPI\WebAPI.csproj", "{00F060AB-70B0-4D07-A822-0EC84E3FE2F4}"
EndProject
Global
	GlobalSection(SolutionConfigurationPlatforms) = preSolution
		Debug|Any CPU = Debug|Any CPU
		Release|Any CPU = Release|Any CPU
	EndGlobalSection
	GlobalSection(NestedProjects) = preSolution
		{209E35D0-4BD5-4B76-89CD-46DF5B65D7BB} = {E36060F1-DA49-4B0E-888C-3F173E5846A4}
		{58F8A4B8-F7E6-47D8-A61E-8F07C77CEC33} = {E36060F1-DA49-4B0E-888C-3F173E5846A4}
		{12E2BA97-A54A-4B4E-93F3-DBB6245B5162} = {A6EB992A-37BA-434B-A210-38AE6D2A617A}
		{00F060AB-70B0-4D07-A822-0EC84E3FE2F4} = {C93CA99D-1CD8-4AFE-AC22-3F8754230C70}
	EndGlobalSection
	GlobalSection(ProjectConfigurationPlatforms) = postSolution
		{209E35D0-4BD5-4B76-89CD-46DF5B65D7BB}.Debug|Any CPU.ActiveCfg = Debug|Any CPU
		{209E35D0-4BD5-4B76-89CD-46DF5B65D7BB}.Debug|Any CPU.Build.0 = Debug|Any CPU
		{209E35D0-4BD5-4B76-89CD-46DF5B65D7BB}.Release|Any CPU.ActiveCfg = Release|Any CPU
		{209E35D0-4BD5-4B76-89CD-46DF5B65D7BB}.Release|Any CPU.Build.0 = Release|Any CPU
		{58F8A4B8-F7E6-47D8-A61E-8F07C77CEC33}.Debug|Any CPU.ActiveCfg = Debug|Any CPU
		{58F8A4B8-F7E6-47D8-A61E-8F07C77CEC33}.Debug|Any CPU.Build.0 = Debug|Any CPU
		{58F8A4B8-F7E6-47D8-A61E-8F07C77CEC33}.Release|Any CPU.ActiveCfg = Release|Any CPU
		{58F8A4B8-F7E6-47D8-A61E-8F07C77CEC33}.Release|Any CPU.Build.0 = Release|Any CPU
		{12E2BA97-A54A-4B4E-93F3-DBB6245B5162}.Debug|Any CPU.ActiveCfg = Debug|Any CPU
		{12E2BA97-A54A-4B4E-93F3-DBB6245B5162}.Debug|Any CPU.Build.0 = Debug|Any CPU
		{12E2BA97-A54A-4B4E-93F3-DBB6245B5162}.Release|Any CPU.ActiveCfg = Release|Any CPU
		{12E2BA97-A54A-4B4E-93F3-DBB6245B5162}.Release|Any CPU.Build.0 = Release|Any CPU
		{00F060AB-70B0-4D07-A822-0EC84E3FE2F4}.Debug|Any CPU.ActiveCfg = Debug|Any CPU
		{00F060AB-70B0-4D07-A822-0EC84E3FE2F4}.Debug|Any CPU.Build.0 = Debug|Any CPU
		{00F060AB-70B0-4D07-A822-0EC84E3FE2F4}.Release|Any CPU.ActiveCfg = Release|Any CPU
		{00F060AB-70B0-4D07-A822-0EC84E3FE2F4}.Release|Any CPU.Build.0 = Release|Any CPU
	EndGlobalSection
EndGlobal
